
Microsoft Visual Studio Solution File, Format Version 12.00
# Visual Studio 15
VisualStudioVersion = 15.0.28307.1684
MinimumVisualStudioVersion = 10.0.40219.1
Project("{FAE04EC0-301F-11D3-BF4B-00C04F79EFBC}") = "PersonalSite", "PersonalSite\PersonalSite.csproj", "{A407525A-486B-4897-89A0-B758E896CBBA}"
EndProject
Global
	GlobalSection(SolutionConfigurationPlatforms) = preSolution
		Debug|Any CPU = Debug|Any CPU
		Release|Any CPU = Release|Any CPU
	EndGlobalSection
	GlobalSection(ProjectConfigurationPlatforms) = postSolution
		{A407525A-486B-4897-89A0-B758E896CBBA}.Debug|Any CPU.ActiveCfg = Debug|Any CPU
		{A407525A-486B-4897-89A0-B758E896CBBA}.Debug|Any CPU.Build.0 = Debug|Any CPU
		{A407525A-486B-4897-89A0-B758E896CBBA}.Release|Any CPU.ActiveCfg = Release|Any CPU
		{A407525A-486B-4897-89A0-B758E896CBBA}.Release|Any CPU.Build.0 = Release|Any CPU
	EndGlobalSection
	GlobalSection(SolutionProperties) = preSolution
		HideSolutionNode = FALSE
	EndGlobalSection
	GlobalSection(ExtensibilityGlobals) = postSolution
		SolutionGuid = {BB0B2B4F-E9C1-40F4-B98E-BC205283B96B}
	EndGlobalSection
EndGlobal
